{
    "php": {
        "version": "7.3"
    },
    "psr/event-dispatcher": {
        "version": "1.0.0"
    },
    "symfony/cache-contracts": {
        "version": "v2.0.1"
    },
    "symfony/error-handler": {
        "version": "v4.4.8"
    },
    "symfony/event-dispatcher-contracts": {
        "version": "v2.0.1"
    },
    "symfony/mime": {
        "version": "v4.4.8"
    },
    "symfony/polyfill-intl-idn": {
        "version": "v1.15.0"
    },
    "symfony/polyfill-php73": {
        "version": "v1.17.0"
    },
    "symfony/service-contracts": {
        "version": "v2.0.1"
    },
    "symfony/translation-contracts": {
        "version": "v2.0.1"
    }
}
