{
    "php": {
        "version": "7.3"
    },
    "symfony/error-handler": {
        "version": "v4.4.8"
    },
    "symfony/mime": {
        "version": "v4.4.8"
    },
    "symfony/polyfill-intl-idn": {
        "version": "v1.15.0"
    },
    "symfony/polyfill-php73": {
        "version": "v1.17.0"
    }
}
